<Solution>
  <Project Path="Collections/Collections.csproj" Id="3f6ef02b-364f-4c31-b588-d8f9992a00e8" />
  <Project Path="E:/C-Sharp-Deep-Dive/C-Sharp-Deep-Dive/Abstraction/Abstraction.csproj" Id="6da88788-df4e-4596-a974-9268950fded7" />
  <Project Path="E:/C-Sharp-Deep-Dive/C-Sharp-Deep-Dive/Inheritence/Inheritence.csproj" Id="fb9119e4-99fe-40c8-ae36-fc1f3d057d98" />
  <Project Path="E:/C-Sharp-Deep-Dive/C-Sharp-Deep-Dive/Methods/Methods.csproj" />
  <Project Path="E:/C-Sharp-Deep-Dive/C-Sharp-Deep-Dive/NameSpaces/NameSpaces.csproj" Id="bae53317-b801-4f24-8133-625a5a0a1f08" />
  <Project Path="E:/C-Sharp-Deep-Dive/C-Sharp-Deep-Dive/Partial_Static_Enumeration/Partial_Static_Enumeration.csproj" Id="a33d9ed5-c330-46de-8597-79d27ca68c93" />
  <Project Path="E:/C-Sharp-Deep-Dive/C-Sharp-Deep-Dive/TypeConversion/TypeConversion.csproj" Id="274b80b1-253f-4ade-bde2-ae7302df0d31" />
  <Project Path="E:/C-Sharp-Deep-Dive/C-Sharp-Deep-Dive/Web/Web.csproj" />
  <Project Path="ExtensionMethod/ExtensionMethod.csproj" Id="ca38260c-65e4-4c2b-b333-df900aa8924a" />
  <Project Path="Generics/Generics.csproj" Id="e81973ce-5310-4819-95de-cc113e192835" />
  <Project Path="PatternMatching/PatternMatching.csproj" Id="bfffa2b6-fd12-4203-9259-d8994aeb791c" />
</Solution>
